
Microsoft Visual Studio Solution File, Format Version 12.00
# Visual Studio Version 16
VisualStudioVersion = 16.0.31702.278
MinimumVisualStudioVersion = 10.0.40219.1
Project("{FAE04EC0-301F-11D3-BF4B-00C04F79EFBC}") = "NET03.1", "NET03.1.csproj", "{B4C8AC7A-AABE-4054-8140-023DF3AADE83}"
EndProject
Global
	GlobalSection(SolutionConfigurationPlatforms) = preSolution
		Debug|Any CPU = Debug|Any CPU
		Release|Any CPU = Release|Any CPU
	EndGlobalSection
	GlobalSection(ProjectConfigurationPlatforms) = postSolution
		{B4C8AC7A-AABE-4054-8140-023DF3AADE83}.Debug|Any CPU.ActiveCfg = Debug|Any CPU
		{B4C8AC7A-AABE-4054-8140-023DF3AADE83}.Debug|Any CPU.Build.0 = Debug|Any CPU
		{B4C8AC7A-AABE-4054-8140-023DF3AADE83}.Release|Any CPU.ActiveCfg = Release|Any CPU
		{B4C8AC7A-AABE-4054-8140-023DF3AADE83}.Release|Any CPU.Build.0 = Release|Any CPU
	EndGlobalSection
	GlobalSection(SolutionProperties) = preSolution
		HideSolutionNode = FALSE
	EndGlobalSection
	GlobalSection(ExtensibilityGlobals) = postSolution
		SolutionGuid = {E0881793-97CA-4D50-B8AE-2F0040CA4633}
	EndGlobalSection
EndGlobal
